
Microsoft Visual Studio Solution File, Format Version 12.00
Project("{00000000-0000-0000-0000-000000000000}") = "Solutions", "src\Solutions\Solutions.csproj", "{4200341E-36F1-42E4-A6B3-0C5FDB97D16D}"
EndProject
Project("{2150E333-8FDC-42A3-9474-1A3956D46DE8}") = "src", "src", "{8A814C25-8D4E-46F8-AB2E-0B8E946BE2C9}"
EndProject
Project("{2150E333-8FDC-42A3-9474-1A3956D46DE8}") = "test", "test", "{B0B28565-B6BD-4B77-A56D-1BF8FACE3809}"
EndProject
Project("{FAE04EC0-301F-11D3-BF4B-00C04F79EFBC}") = "Solutions.UnitTests", "test\Solutions.UnitTests\Solutions.UnitTests.csproj", "{511761F6-BA83-4A3D-9A20-8BF6EB2188FF}"
EndProject
Project("{FAE04EC0-301F-11D3-BF4B-00C04F79EFBC}") = "Inputs", "src\Inputs\Inputs.csproj", "{A044556D-93FA-42EB-9C2E-D5C1F69AAA2A}"
EndProject
Project("{FAE04EC0-301F-11D3-BF4B-00C04F79EFBC}") = "Helpers", "src\Helpers\Helpers.csproj", "{7D99CF85-CFBE-46F8-8B86-21680800C313}"
EndProject
Project("{FAE04EC0-301F-11D3-BF4B-00C04F79EFBC}") = "Debugger", "src\Debugger\Debugger.csproj", "{6B76A0BB-5BCD-405C-94B2-A8F68FE0FDE8}"
EndProject
Global
	GlobalSection(SolutionConfigurationPlatforms) = preSolution
		Debug|Any CPU = Debug|Any CPU
		Release|Any CPU = Release|Any CPU
	EndGlobalSection
	GlobalSection(ProjectConfigurationPlatforms) = postSolution
		{4200341E-36F1-42E4-A6B3-0C5FDB97D16D}.Debug|Any CPU.ActiveCfg = Debug|Any CPU
		{4200341E-36F1-42E4-A6B3-0C5FDB97D16D}.Debug|Any CPU.Build.0 = Debug|Any CPU
		{4200341E-36F1-42E4-A6B3-0C5FDB97D16D}.Release|Any CPU.ActiveCfg = Release|Any CPU
		{4200341E-36F1-42E4-A6B3-0C5FDB97D16D}.Release|Any CPU.Build.0 = Release|Any CPU
		{511761F6-BA83-4A3D-9A20-8BF6EB2188FF}.Debug|Any CPU.ActiveCfg = Debug|Any CPU
		{511761F6-BA83-4A3D-9A20-8BF6EB2188FF}.Debug|Any CPU.Build.0 = Debug|Any CPU
		{511761F6-BA83-4A3D-9A20-8BF6EB2188FF}.Release|Any CPU.ActiveCfg = Release|Any CPU
		{511761F6-BA83-4A3D-9A20-8BF6EB2188FF}.Release|Any CPU.Build.0 = Release|Any CPU
		{A044556D-93FA-42EB-9C2E-D5C1F69AAA2A}.Debug|Any CPU.ActiveCfg = Debug|Any CPU
		{A044556D-93FA-42EB-9C2E-D5C1F69AAA2A}.Debug|Any CPU.Build.0 = Debug|Any CPU
		{A044556D-93FA-42EB-9C2E-D5C1F69AAA2A}.Release|Any CPU.ActiveCfg = Release|Any CPU
		{A044556D-93FA-42EB-9C2E-D5C1F69AAA2A}.Release|Any CPU.Build.0 = Release|Any CPU
		{7D99CF85-CFBE-46F8-8B86-21680800C313}.Debug|Any CPU.ActiveCfg = Debug|Any CPU
		{7D99CF85-CFBE-46F8-8B86-21680800C313}.Debug|Any CPU.Build.0 = Debug|Any CPU
		{7D99CF85-CFBE-46F8-8B86-21680800C313}.Release|Any CPU.ActiveCfg = Release|Any CPU
		{7D99CF85-CFBE-46F8-8B86-21680800C313}.Release|Any CPU.Build.0 = Release|Any CPU
		{6B76A0BB-5BCD-405C-94B2-A8F68FE0FDE8}.Debug|Any CPU.ActiveCfg = Debug|Any CPU
		{6B76A0BB-5BCD-405C-94B2-A8F68FE0FDE8}.Debug|Any CPU.Build.0 = Debug|Any CPU
		{6B76A0BB-5BCD-405C-94B2-A8F68FE0FDE8}.Release|Any CPU.ActiveCfg = Release|Any CPU
		{6B76A0BB-5BCD-405C-94B2-A8F68FE0FDE8}.Release|Any CPU.Build.0 = Release|Any CPU
	EndGlobalSection
	GlobalSection(NestedProjects) = preSolution
		{4200341E-36F1-42E4-A6B3-0C5FDB97D16D} = {8A814C25-8D4E-46F8-AB2E-0B8E946BE2C9}
		{511761F6-BA83-4A3D-9A20-8BF6EB2188FF} = {B0B28565-B6BD-4B77-A56D-1BF8FACE3809}
		{A044556D-93FA-42EB-9C2E-D5C1F69AAA2A} = {8A814C25-8D4E-46F8-AB2E-0B8E946BE2C9}
		{7D99CF85-CFBE-46F8-8B86-21680800C313} = {8A814C25-8D4E-46F8-AB2E-0B8E946BE2C9}
		{6B76A0BB-5BCD-405C-94B2-A8F68FE0FDE8} = {8A814C25-8D4E-46F8-AB2E-0B8E946BE2C9}
	EndGlobalSection
EndGlobal
